
Microsoft Visual Studio Solution File, Format Version 12.00
# Visual Studio Version 17
VisualStudioVersion = 17.9.34902.65
MinimumVisualStudioVersion = 10.0.40219.1
Project("{FAE04EC0-301F-11D3-BF4B-00C04F79EFBC}") = "API", "API\API.csproj", "{C0EA8C51-1A0D-4219-A1B7-93AF3F5DD730}"
EndProject
Global
	GlobalSection(SolutionConfigurationPlatforms) = preSolution
		Debug|Any CPU = Debug|Any CPU
		Release|Any CPU = Release|Any CPU
	EndGlobalSection
	GlobalSection(ProjectConfigurationPlatforms) = postSolution
		{C0EA8C51-1A0D-4219-A1B7-93AF3F5DD730}.Debug|Any CPU.ActiveCfg = Debug|Any CPU
		{C0EA8C51-1A0D-4219-A1B7-93AF3F5DD730}.Debug|Any CPU.Build.0 = Debug|Any CPU
		{C0EA8C51-1A0D-4219-A1B7-93AF3F5DD730}.Release|Any CPU.ActiveCfg = Release|Any CPU
		{C0EA8C51-1A0D-4219-A1B7-93AF3F5DD730}.Release|Any CPU.Build.0 = Release|Any CPU
	EndGlobalSection
	GlobalSection(SolutionProperties) = preSolution
		HideSolutionNode = FALSE
	EndGlobalSection
	GlobalSection(ExtensibilityGlobals) = postSolution
		SolutionGuid = {B4CF2CA2-00AC-49E6-8455-8420F7E92BAE}
	EndGlobalSection
EndGlobal
